<?xml version="1.0" encoding="utf-8"?>
<Project ToolsVersion="4.0" xmlns="http://schemas.microsoft.com/developer/msbuild/2003">
  <ItemGroup>
    <Filter Include="源文件">
      <UniqueIdentifier>{4FC737F1-C7A5-4376-A066-2A32D752A2FF}</UniqueIdentifier>
      <Extensions>cpp;c;cc;cxx;def;odl;idl;hpj;bat;asm;asmx</Extensions>
    </Filter>
    <Filter Include="头文件">
      <UniqueIdentifier>{93995380-89BD-4b04-88EB-625FBE52EBFB}</UniqueIdentifier>
      <Extensions>h;hh;hpp;hxx;hm;inl;inc;xsd</Extensions>
    </Filter>
    <Filter Include="资源文件">
      <UniqueIdentifier>{67DA6AB6-F800-4c08-8B7A-83BB121AAD01}</UniqueIdentifier>
      <Extensions>rc;ico;cur;bmp;dlg;rc2;rct;bin;rgs;gif;jpg;jpeg;jpe;resx;tiff;tif;png;wav;mfcribbon-ms</Extensions>
    </Filter>
    <Filter Include="头文件\Math">
      <UniqueIdentifier>{5b0c8021-2c8e-478b-ac3a-bb30d7d635e1}</UniqueIdentifier>
    </Filter>
    <Filter Include="头文件\Math\Dependency">
      <UniqueIdentifier>{f4ab4004-4c7f-4aaf-a034-80dac6e018db}</UniqueIdentifier>
    </Filter>
    <Filter Include="源文件\Math">
      <UniqueIdentifier>{1730047a-e543-429a-8528-31ece079c104}</UniqueIdentifier>
    </Filter>
    <Filter Include="头文件\Math\Vector">
      <UniqueIdentifier>{2d49af39-fed4-4f9e-bca4-9e94dc5a07dd}</UniqueIdentifier>
    </Filter>
    <Filter Include="源文件\Math\Vector">
      <UniqueIdentifier>{2432f154-60c8-4869-953a-8941bd11b13a}</UniqueIdentifier>
    </Filter>
    <Filter Include="头文件\Math\Matrix">
      <UniqueIdentifier>{873086c7-c896-4d5f-b0a9-88c8c8ecb403}</UniqueIdentifier>
    </Filter>
    <Filter Include="源文件\Math\Matrix">
      <UniqueIdentifier>{2067e6c3-11d0-4d4a-8e20-1f0eca202301}</UniqueIdentifier>
    </Filter>
    <Filter Include="头文件\Math\Common">
      <UniqueIdentifier>{859d78f1-cb28-4297-8709-edddbad15e70}</UniqueIdentifier>
    </Filter>
    <Filter Include="头文件\Container">
      <UniqueIdentifier>{b7b5b95e-d454-4c6c-9770-a45fce0a4fab}</UniqueIdentifier>
    </Filter>
    <Filter Include="头文件\Container\List">
      <UniqueIdentifier>{b4c82ede-a74b-4299-8cee-afd8a9317aa1}</UniqueIdentifier>
    </Filter>
    <Filter Include="头文件\Container\Map">
      <UniqueIdentifier>{f19af69b-1520-4590-b22b-5aac00f40931}</UniqueIdentifier>
    </Filter>
    <Filter Include="头文件\Container\Set">
      <UniqueIdentifier>{606cfd52-9681-4acc-96b1-a2d654dd70f5}</UniqueIdentifier>
    </Filter>
    <Filter Include="头文件\Container\Dependency">
      <UniqueIdentifier>{eda9f70e-a88b-438a-9f38-4cc2d672fe3e}</UniqueIdentifier>
    </Filter>
    <Filter Include="头文件\Tools">
      <UniqueIdentifier>{ab28091f-4d5a-452e-9767-e63fc8857faf}</UniqueIdentifier>
    </Filter>
    <Filter Include="源文件\Tools">
      <UniqueIdentifier>{1f1143ff-260d-4b83-aa86-e1a5e86374f4}</UniqueIdentifier>
    </Filter>
  </ItemGroup>
  <ItemGroup>
    <Text Include="ReadMe.txt" />
  </ItemGroup>
  <ItemGroup>
    <ClInclude Include="stdafx.h">
      <Filter>头文件</Filter>
    </ClInclude>
    <ClInclude Include="targetver.h">
      <Filter>头文件</Filter>
    </ClInclude>
    <ClInclude Include="GlobalDependency.h">
      <Filter>头文件</Filter>
    </ClInclude>
    <ClInclude Include="GlobalMacro.h">
      <Filter>头文件</Filter>
    </ClInclude>
    <ClInclude Include="GlobalTypedef.h">
      <Filter>头文件</Filter>
    </ClInclude>
    <ClInclude Include="MathDependency.h">
      <Filter>头文件\Math\Dependency</Filter>
    </ClInclude>
    <ClInclude Include="MathMacro.h">
      <Filter>头文件\Math\Dependency</Filter>
    </ClInclude>
    <ClInclude Include="Vector3f.h">
      <Filter>头文件\Math\Vector</Filter>
    </ClInclude>
    <ClInclude Include="Vector2f.h">
      <Filter>头文件\Math\Vector</Filter>
    </ClInclude>
    <ClInclude Include="Vector4f.h">
      <Filter>头文件\Math\Vector</Filter>
    </ClInclude>
    <ClInclude Include="Matrix4f.h">
      <Filter>头文件\Math\Matrix</Filter>
    </ClInclude>
    <ClInclude Include="Transform.h">
      <Filter>头文件\Math\Matrix</Filter>
    </ClInclude>
    <ClInclude Include="ContainerDependency.h">
      <Filter>头文件\Container\Dependency</Filter>
    </ClInclude>
    <ClInclude Include="ContainerMacro.h">
      <Filter>头文件\Container\Dependency</Filter>
    </ClInclude>
    <ClInclude Include="MathFunction.hpp">
      <Filter>头文件\Math\Common</Filter>
    </ClInclude>
    <ClInclude Include="Array.hpp">
      <Filter>头文件\Container\List</Filter>
    </ClInclude>
    <ClInclude Include="ArrayList.hpp">
      <Filter>头文件\Container\List</Filter>
    </ClInclude>
    <ClInclude Include="LinkedList.hpp">
      <Filter>头文件\Container\List</Filter>
    </ClInclude>
    <ClInclude Include="PriorityQueue.hpp">
      <Filter>头文件\Container\List</Filter>
    </ClInclude>
    <ClInclude Include="Queue.hpp">
      <Filter>头文件\Container\List</Filter>
    </ClInclude>
    <ClInclude Include="Stack.hpp">
      <Filter>头文件\Container\List</Filter>
    </ClInclude>
    <ClInclude Include="HashMap.hpp">
      <Filter>头文件\Container\Map</Filter>
    </ClInclude>
    <ClInclude Include="TreeMap.hpp">
      <Filter>头文件\Container\Map</Filter>
    </ClInclude>
    <ClInclude Include="HashSet.hpp">
      <Filter>头文件\Container\Set</Filter>
    </ClInclude>
    <ClInclude Include="TreeSet.hpp">
      <Filter>头文件\Container\Set</Filter>
    </ClInclude>
  </ItemGroup>
  <ItemGroup>
    <ClCompile Include="stdafx.cpp">
      <Filter>源文件</Filter>
    </ClCompile>
    <ClCompile Include="RayTracerWithCuda.cpp">
      <Filter>源文件</Filter>
    </ClCompile>
    <ClCompile Include="Vector3f.cpp">
      <Filter>源文件\Math\Vector</Filter>
    </ClCompile>
    <ClCompile Include="Vector2f.cpp">
      <Filter>源文件\Math\Vector</Filter>
    </ClCompile>
    <ClCompile Include="Vector4f.cpp">
      <Filter>源文件\Math\Vector</Filter>
    </ClCompile>
    <ClCompile Include="Matrix4f.cpp">
      <Filter>源文件\Math\Matrix</Filter>
    </ClCompile>
    <ClCompile Include="Transform.cpp">
      <Filter>源文件\Math\Matrix</Filter>
    </ClCompile>
  </ItemGroup>
</Project>